
Microsoft Visual Studio Solution File, Format Version 11.00
# Visual Studio 2010
Project("{FAE04EC0-301F-11D3-BF4B-00C04F79EFBC}") = "Alfa.Pet.Model", "Alfa.Pet.Model\Alfa.Pet.Model.csproj", "{36E96361-8DED-43CA-9E4D-615BDFE8A92D}"
EndProject
Project("{FAE04EC0-301F-11D3-BF4B-00C04F79EFBC}") = "Alfa.Core", "Alfa.Core\Alfa.Core.csproj", "{2ED8ABEF-52D9-4F1D-BD1B-792363A7DD03}"
EndProject
Project("{FAE04EC0-301F-11D3-BF4B-00C04F79EFBC}") = "Alfa.Pet.Win", "Alfa.Pet.Win\Alfa.Pet.Win.csproj", "{39AB68CD-29D7-40BB-B96E-EB22947BB14C}"
EndProject
Project("{FAE04EC0-301F-11D3-BF4B-00C04F79EFBC}") = "Alfa.Pet.Test", "Alfa.Pet.Test\Alfa.Pet.Test.csproj", "{4D915718-C0B3-4B52-A709-8E9512EC2124}"
EndProject
Project("{FAE04EC0-301F-11D3-BF4B-00C04F79EFBC}") = "Alfa.Pet.Web", "Alfa.Pet.Web\Alfa.Pet.Web.csproj", "{530E35CC-9365-41CB-B999-C8B691C60E11}"
EndProject
Project("{2150E333-8FDC-42A3-9474-1A3956D46DE8}") = "lib", "lib", "{71E47667-337A-4382-AEAB-BB1DB75BAF25}"
	ProjectSection(SolutionItems) = preProject
		lib\Castle.Core.dll = lib\Castle.Core.dll
		lib\Castle.DynamicProxy2.dll = lib\Castle.DynamicProxy2.dll
		lib\Castle.Facilities.AutoTx.dll = lib\Castle.Facilities.AutoTx.dll
		lib\Castle.Facilities.Logging.dll = lib\Castle.Facilities.Logging.dll
		lib\Castle.Facilities.NHibernateIntegration.dll = lib\Castle.Facilities.NHibernateIntegration.dll
		lib\Castle.MicroKernel.dll = lib\Castle.MicroKernel.dll
		lib\Castle.Services.Logging.Log4netIntegration.dll = lib\Castle.Services.Logging.Log4netIntegration.dll
		lib\Castle.Services.Logging.NLogIntegration.dll = lib\Castle.Services.Logging.NLogIntegration.dll
		lib\Castle.Services.Transaction.dll = lib\Castle.Services.Transaction.dll
		lib\Castle.Windsor.dll = lib\Castle.Windsor.dll
		lib\FluentNHibernate.dll = lib\FluentNHibernate.dll
		lib\Iesi.Collections.dll = lib\Iesi.Collections.dll
		lib\LinFu.DynamicProxy.dll = lib\LinFu.DynamicProxy.dll
		lib\log4net.dll = lib\log4net.dll
		lib\NHibernate.ByteCode.Castle.dll = lib\NHibernate.ByteCode.Castle.dll
		lib\NHibernate.ByteCode.LinFu.dll = lib\NHibernate.ByteCode.LinFu.dll
		lib\NHibernate.dll = lib\NHibernate.dll
		lib\NLog.dll = lib\NLog.dll
		lib\nunit.framework.dll = lib\nunit.framework.dll
		lib\Remotion.Data.Linq.dll = lib\Remotion.Data.Linq.dll
	EndProjectSection
EndProject
Project("{FAE04EC0-301F-11D3-BF4B-00C04F79EFBC}") = "Alfa.Core.Web", "Alfa.Core.Web\Alfa.Core.Web.csproj", "{24EA51D0-A647-4E85-8195-FB26F30AE15D}"
EndProject
Project("{FAE04EC0-301F-11D3-BF4B-00C04F79EFBC}") = "Alfa.Core.Windows", "Alfa.Core.Windows\Alfa.Core.Windows.csproj", "{3E46ED5F-1416-486A-AB8D-AE628FE67D69}"
EndProject
Project("{FAE04EC0-301F-11D3-BF4B-00C04F79EFBC}") = "Alfa.Task", "Alfa.Task\Alfa.Task.csproj", "{76B8C33D-5F23-4CC5-9E84-BCD0DD7086AB}"
EndProject
Project("{FAE04EC0-301F-11D3-BF4B-00C04F79EFBC}") = "Saude.Quimio.UI", "Saude.Quimio.UI\Saude.Quimio.UI.csproj", "{1583F2E3-A67F-485F-B9E5-ABC629910487}"
EndProject
Project("{FAE04EC0-301F-11D3-BF4B-00C04F79EFBC}") = "Saude.Quimio.Entity", "Saude.Quimio.Entity\Saude.Quimio.Entity.csproj", "{3EB1FDB3-D928-428B-BC81-3FB774399181}"
EndProject
Project("{2150E333-8FDC-42A3-9474-1A3956D46DE8}") = "doc", "doc", "{21FFD9D3-BA4E-4FC3-BA9E-60DDB5890A9F}"
	ProjectSection(SolutionItems) = preProject
		..\..\..\..\..\Desktop\manual.doc = ..\..\..\..\..\Desktop\manual.doc
	EndProjectSection
EndProject
Global
	GlobalSection(SubversionScc) = preSolution
		Svn-Managed = True
		Manager = AnkhSVN - Subversion Support for Visual Studio
	EndGlobalSection
	GlobalSection(SolutionConfigurationPlatforms) = preSolution
		Debug|Any CPU = Debug|Any CPU
		Debug|Mixed Platforms = Debug|Mixed Platforms
		Debug|x86 = Debug|x86
		Release|Any CPU = Release|Any CPU
		Release|Mixed Platforms = Release|Mixed Platforms
		Release|x86 = Release|x86
	EndGlobalSection
	GlobalSection(ProjectConfigurationPlatforms) = postSolution
		{36E96361-8DED-43CA-9E4D-615BDFE8A92D}.Debug|Any CPU.ActiveCfg = Debug|Any CPU
		{36E96361-8DED-43CA-9E4D-615BDFE8A92D}.Debug|Any CPU.Build.0 = Debug|Any CPU
		{36E96361-8DED-43CA-9E4D-615BDFE8A92D}.Debug|Mixed Platforms.ActiveCfg = Debug|Any CPU
		{36E96361-8DED-43CA-9E4D-615BDFE8A92D}.Debug|Mixed Platforms.Build.0 = Debug|Any CPU
		{36E96361-8DED-43CA-9E4D-615BDFE8A92D}.Debug|x86.ActiveCfg = Debug|Any CPU
		{36E96361-8DED-43CA-9E4D-615BDFE8A92D}.Release|Any CPU.ActiveCfg = Release|Any CPU
		{36E96361-8DED-43CA-9E4D-615BDFE8A92D}.Release|Any CPU.Build.0 = Release|Any CPU
		{36E96361-8DED-43CA-9E4D-615BDFE8A92D}.Release|Mixed Platforms.ActiveCfg = Release|Any CPU
		{36E96361-8DED-43CA-9E4D-615BDFE8A92D}.Release|Mixed Platforms.Build.0 = Release|Any CPU
		{36E96361-8DED-43CA-9E4D-615BDFE8A92D}.Release|x86.ActiveCfg = Release|Any CPU
		{2ED8ABEF-52D9-4F1D-BD1B-792363A7DD03}.Debug|Any CPU.ActiveCfg = Debug|Any CPU
		{2ED8ABEF-52D9-4F1D-BD1B-792363A7DD03}.Debug|Any CPU.Build.0 = Debug|Any CPU
		{2ED8ABEF-52D9-4F1D-BD1B-792363A7DD03}.Debug|Mixed Platforms.ActiveCfg = Debug|Any CPU
		{2ED8ABEF-52D9-4F1D-BD1B-792363A7DD03}.Debug|Mixed Platforms.Build.0 = Debug|Any CPU
		{2ED8ABEF-52D9-4F1D-BD1B-792363A7DD03}.Debug|x86.ActiveCfg = Debug|Any CPU
		{2ED8ABEF-52D9-4F1D-BD1B-792363A7DD03}.Release|Any CPU.ActiveCfg = Release|Any CPU
		{2ED8ABEF-52D9-4F1D-BD1B-792363A7DD03}.Release|Any CPU.Build.0 = Release|Any CPU
		{2ED8ABEF-52D9-4F1D-BD1B-792363A7DD03}.Release|Mixed Platforms.ActiveCfg = Release|Any CPU
		{2ED8ABEF-52D9-4F1D-BD1B-792363A7DD03}.Release|Mixed Platforms.Build.0 = Release|Any CPU
		{2ED8ABEF-52D9-4F1D-BD1B-792363A7DD03}.Release|x86.ActiveCfg = Release|Any CPU
		{39AB68CD-29D7-40BB-B96E-EB22947BB14C}.Debug|Any CPU.ActiveCfg = Debug|Any CPU
		{39AB68CD-29D7-40BB-B96E-EB22947BB14C}.Debug|Any CPU.Build.0 = Debug|Any CPU
		{39AB68CD-29D7-40BB-B96E-EB22947BB14C}.Debug|Mixed Platforms.ActiveCfg = Debug|Any CPU
		{39AB68CD-29D7-40BB-B96E-EB22947BB14C}.Debug|Mixed Platforms.Build.0 = Debug|Any CPU
		{39AB68CD-29D7-40BB-B96E-EB22947BB14C}.Debug|x86.ActiveCfg = Debug|Any CPU
		{39AB68CD-29D7-40BB-B96E-EB22947BB14C}.Release|Any CPU.ActiveCfg = Release|Any CPU
		{39AB68CD-29D7-40BB-B96E-EB22947BB14C}.Release|Any CPU.Build.0 = Release|Any CPU
		{39AB68CD-29D7-40BB-B96E-EB22947BB14C}.Release|Mixed Platforms.ActiveCfg = Release|Any CPU
		{39AB68CD-29D7-40BB-B96E-EB22947BB14C}.Release|Mixed Platforms.Build.0 = Release|Any CPU
		{39AB68CD-29D7-40BB-B96E-EB22947BB14C}.Release|x86.ActiveCfg = Release|Any CPU
		{4D915718-C0B3-4B52-A709-8E9512EC2124}.Debug|Any CPU.ActiveCfg = Debug|Any CPU
		{4D915718-C0B3-4B52-A709-8E9512EC2124}.Debug|Any CPU.Build.0 = Debug|Any CPU
		{4D915718-C0B3-4B52-A709-8E9512EC2124}.Debug|Mixed Platforms.ActiveCfg = Debug|Any CPU
		{4D915718-C0B3-4B52-A709-8E9512EC2124}.Debug|Mixed Platforms.Build.0 = Debug|Any CPU
		{4D915718-C0B3-4B52-A709-8E9512EC2124}.Debug|x86.ActiveCfg = Debug|Any CPU
		{4D915718-C0B3-4B52-A709-8E9512EC2124}.Release|Any CPU.ActiveCfg = Release|Any CPU
		{4D915718-C0B3-4B52-A709-8E9512EC2124}.Release|Any CPU.Build.0 = Release|Any CPU
		{4D915718-C0B3-4B52-A709-8E9512EC2124}.Release|Mixed Platforms.ActiveCfg = Release|Any CPU
		{4D915718-C0B3-4B52-A709-8E9512EC2124}.Release|Mixed Platforms.Build.0 = Release|Any CPU
		{4D915718-C0B3-4B52-A709-8E9512EC2124}.Release|x86.ActiveCfg = Release|Any CPU
		{530E35CC-9365-41CB-B999-C8B691C60E11}.Debug|Any CPU.ActiveCfg = Debug|Any CPU
		{530E35CC-9365-41CB-B999-C8B691C60E11}.Debug|Any CPU.Build.0 = Debug|Any CPU
		{530E35CC-9365-41CB-B999-C8B691C60E11}.Debug|Mixed Platforms.ActiveCfg = Debug|Any CPU
		{530E35CC-9365-41CB-B999-C8B691C60E11}.Debug|Mixed Platforms.Build.0 = Debug|Any CPU
		{530E35CC-9365-41CB-B999-C8B691C60E11}.Debug|x86.ActiveCfg = Debug|Any CPU
		{530E35CC-9365-41CB-B999-C8B691C60E11}.Release|Any CPU.ActiveCfg = Release|Any CPU
		{530E35CC-9365-41CB-B999-C8B691C60E11}.Release|Any CPU.Build.0 = Release|Any CPU
		{530E35CC-9365-41CB-B999-C8B691C60E11}.Release|Mixed Platforms.ActiveCfg = Release|Any CPU
		{530E35CC-9365-41CB-B999-C8B691C60E11}.Release|Mixed Platforms.Build.0 = Release|Any CPU
		{530E35CC-9365-41CB-B999-C8B691C60E11}.Release|x86.ActiveCfg = Release|Any CPU
		{24EA51D0-A647-4E85-8195-FB26F30AE15D}.Debug|Any CPU.ActiveCfg = Debug|Any CPU
		{24EA51D0-A647-4E85-8195-FB26F30AE15D}.Debug|Any CPU.Build.0 = Debug|Any CPU
		{24EA51D0-A647-4E85-8195-FB26F30AE15D}.Debug|Mixed Platforms.ActiveCfg = Debug|Any CPU
		{24EA51D0-A647-4E85-8195-FB26F30AE15D}.Debug|Mixed Platforms.Build.0 = Debug|Any CPU
		{24EA51D0-A647-4E85-8195-FB26F30AE15D}.Debug|x86.ActiveCfg = Debug|Any CPU
		{24EA51D0-A647-4E85-8195-FB26F30AE15D}.Release|Any CPU.ActiveCfg = Release|Any CPU
		{24EA51D0-A647-4E85-8195-FB26F30AE15D}.Release|Any CPU.Build.0 = Release|Any CPU
		{24EA51D0-A647-4E85-8195-FB26F30AE15D}.Release|Mixed Platforms.ActiveCfg = Release|Any CPU
		{24EA51D0-A647-4E85-8195-FB26F30AE15D}.Release|Mixed Platforms.Build.0 = Release|Any CPU
		{24EA51D0-A647-4E85-8195-FB26F30AE15D}.Release|x86.ActiveCfg = Release|Any CPU
		{3E46ED5F-1416-486A-AB8D-AE628FE67D69}.Debug|Any CPU.ActiveCfg = Debug|Any CPU
		{3E46ED5F-1416-486A-AB8D-AE628FE67D69}.Debug|Any CPU.Build.0 = Debug|Any CPU
		{3E46ED5F-1416-486A-AB8D-AE628FE67D69}.Debug|Mixed Platforms.ActiveCfg = Debug|Any CPU
		{3E46ED5F-1416-486A-AB8D-AE628FE67D69}.Debug|Mixed Platforms.Build.0 = Debug|Any CPU
		{3E46ED5F-1416-486A-AB8D-AE628FE67D69}.Debug|x86.ActiveCfg = Debug|Any CPU
		{3E46ED5F-1416-486A-AB8D-AE628FE67D69}.Release|Any CPU.ActiveCfg = Release|Any CPU
		{3E46ED5F-1416-486A-AB8D-AE628FE67D69}.Release|Any CPU.Build.0 = Release|Any CPU
		{3E46ED5F-1416-486A-AB8D-AE628FE67D69}.Release|Mixed Platforms.ActiveCfg = Release|Any CPU
		{3E46ED5F-1416-486A-AB8D-AE628FE67D69}.Release|Mixed Platforms.Build.0 = Release|Any CPU
		{3E46ED5F-1416-486A-AB8D-AE628FE67D69}.Release|x86.ActiveCfg = Release|Any CPU
		{76B8C33D-5F23-4CC5-9E84-BCD0DD7086AB}.Debug|Any CPU.ActiveCfg = Debug|x86
		{76B8C33D-5F23-4CC5-9E84-BCD0DD7086AB}.Debug|Mixed Platforms.ActiveCfg = Debug|x86
		{76B8C33D-5F23-4CC5-9E84-BCD0DD7086AB}.Debug|Mixed Platforms.Build.0 = Debug|x86
		{76B8C33D-5F23-4CC5-9E84-BCD0DD7086AB}.Debug|x86.ActiveCfg = Debug|x86
		{76B8C33D-5F23-4CC5-9E84-BCD0DD7086AB}.Debug|x86.Build.0 = Debug|x86
		{76B8C33D-5F23-4CC5-9E84-BCD0DD7086AB}.Release|Any CPU.ActiveCfg = Release|x86
		{76B8C33D-5F23-4CC5-9E84-BCD0DD7086AB}.Release|Mixed Platforms.ActiveCfg = Release|x86
		{76B8C33D-5F23-4CC5-9E84-BCD0DD7086AB}.Release|Mixed Platforms.Build.0 = Release|x86
		{76B8C33D-5F23-4CC5-9E84-BCD0DD7086AB}.Release|x86.ActiveCfg = Release|x86
		{76B8C33D-5F23-4CC5-9E84-BCD0DD7086AB}.Release|x86.Build.0 = Release|x86
		{1583F2E3-A67F-485F-B9E5-ABC629910487}.Debug|Any CPU.ActiveCfg = Debug|Any CPU
		{1583F2E3-A67F-485F-B9E5-ABC629910487}.Debug|Any CPU.Build.0 = Debug|Any CPU
		{1583F2E3-A67F-485F-B9E5-ABC629910487}.Debug|Mixed Platforms.ActiveCfg = Debug|Any CPU
		{1583F2E3-A67F-485F-B9E5-ABC629910487}.Debug|Mixed Platforms.Build.0 = Debug|Any CPU
		{1583F2E3-A67F-485F-B9E5-ABC629910487}.Debug|x86.ActiveCfg = Debug|Any CPU
		{1583F2E3-A67F-485F-B9E5-ABC629910487}.Release|Any CPU.ActiveCfg = Release|Any CPU
		{1583F2E3-A67F-485F-B9E5-ABC629910487}.Release|Any CPU.Build.0 = Release|Any CPU
		{1583F2E3-A67F-485F-B9E5-ABC629910487}.Release|Mixed Platforms.ActiveCfg = Release|Any CPU
		{1583F2E3-A67F-485F-B9E5-ABC629910487}.Release|Mixed Platforms.Build.0 = Release|Any CPU
		{1583F2E3-A67F-485F-B9E5-ABC629910487}.Release|x86.ActiveCfg = Release|Any CPU
		{3EB1FDB3-D928-428B-BC81-3FB774399181}.Debug|Any CPU.ActiveCfg = Debug|Any CPU
		{3EB1FDB3-D928-428B-BC81-3FB774399181}.Debug|Any CPU.Build.0 = Debug|Any CPU
		{3EB1FDB3-D928-428B-BC81-3FB774399181}.Debug|Mixed Platforms.ActiveCfg = Debug|Any CPU
		{3EB1FDB3-D928-428B-BC81-3FB774399181}.Debug|Mixed Platforms.Build.0 = Debug|Any CPU
		{3EB1FDB3-D928-428B-BC81-3FB774399181}.Debug|x86.ActiveCfg = Debug|Any CPU
		{3EB1FDB3-D928-428B-BC81-3FB774399181}.Release|Any CPU.ActiveCfg = Release|Any CPU
		{3EB1FDB3-D928-428B-BC81-3FB774399181}.Release|Any CPU.Build.0 = Release|Any CPU
		{3EB1FDB3-D928-428B-BC81-3FB774399181}.Release|Mixed Platforms.ActiveCfg = Release|Any CPU
		{3EB1FDB3-D928-428B-BC81-3FB774399181}.Release|Mixed Platforms.Build.0 = Release|Any CPU
		{3EB1FDB3-D928-428B-BC81-3FB774399181}.Release|x86.ActiveCfg = Release|Any CPU
	EndGlobalSection
	GlobalSection(SolutionProperties) = preSolution
		HideSolutionNode = FALSE
	EndGlobalSection
EndGlobal
